
Microsoft Visual Studio Solution File, Format Version 12.00
# Visual Studio Version 17
VisualStudioVersion = 17.8.34511.84
MinimumVisualStudioVersion = 10.0.40219.1
Project("{8BC9CEB8-8B4A-11D0-8D11-00A0C91BC942}") = "BasicDriver", "BasicDriver\BasicDriver.vcxproj", "{CC1A77EB-5B86-4D56-A535-D62CD6A04089}"
EndProject
Global
	GlobalSection(SolutionConfigurationPlatforms) = preSolution
		Debug|ARM64 = Debug|ARM64
		Debug|x64 = Debug|x64
		Release|ARM64 = Release|ARM64
		Release|x64 = Release|x64
	EndGlobalSection
	GlobalSection(ProjectConfigurationPlatforms) = postSolution
		{CC1A77EB-5B86-4D56-A535-D62CD6A04089}.Debug|ARM64.ActiveCfg = Debug|ARM64
		{CC1A77EB-5B86-4D56-A535-D62CD6A04089}.Debug|ARM64.Build.0 = Debug|ARM64
		{CC1A77EB-5B86-4D56-A535-D62CD6A04089}.Debug|ARM64.Deploy.0 = Debug|ARM64
		{CC1A77EB-5B86-4D56-A535-D62CD6A04089}.Debug|x64.ActiveCfg = Debug|x64
		{CC1A77EB-5B86-4D56-A535-D62CD6A04089}.Debug|x64.Build.0 = Debug|x64
		{CC1A77EB-5B86-4D56-A535-D62CD6A04089}.Debug|x64.Deploy.0 = Debug|x64
		{CC1A77EB-5B86-4D56-A535-D62CD6A04089}.Release|ARM64.ActiveCfg = Release|ARM64
		{CC1A77EB-5B86-4D56-A535-D62CD6A04089}.Release|ARM64.Build.0 = Release|ARM64
		{CC1A77EB-5B86-4D56-A535-D62CD6A04089}.Release|ARM64.Deploy.0 = Release|ARM64
		{CC1A77EB-5B86-4D56-A535-D62CD6A04089}.Release|x64.ActiveCfg = Release|x64
		{CC1A77EB-5B86-4D56-A535-D62CD6A04089}.Release|x64.Build.0 = Release|x64
		{CC1A77EB-5B86-4D56-A535-D62CD6A04089}.Release|x64.Deploy.0 = Release|x64
	EndGlobalSection
	GlobalSection(SolutionProperties) = preSolution
		HideSolutionNode = FALSE
	EndGlobalSection
	GlobalSection(ExtensibilityGlobals) = postSolution
		SolutionGuid = {8B1E22B9-0033-4AAE-A51E-B65A02ADA1E3}
	EndGlobalSection
EndGlobal
